
Microsoft Visual Studio Solution File, Format Version 12.00
# Visual Studio Version 17
VisualStudioVersion = 17.7.34018.315
MinimumVisualStudioVersion = 10.0.40219.1
Project("{9A19103F-16F7-4668-BE54-9A1E7A4F7556}") = "MattEland.Analyzers", "MattEland.Analyzers\MattEland.Analyzers\MattEland.Analyzers.csproj", "{395D52B4-6DED-49FF-9BEC-1D0CB6E7D3E7}"
EndProject
Project("{9A19103F-16F7-4668-BE54-9A1E7A4F7556}") = "MattEland.Analyzers.Test", "MattEland.Analyzers\MattEland.Analyzers.Test\MattEland.Analyzers.Test.csproj", "{467B80AD-BC6E-4EE5-A28E-26B338906A37}"
EndProject
Project("{9A19103F-16F7-4668-BE54-9A1E7A4F7556}") = "MattEland.Analyzers.AnalyzeMe", "MattEland.Analyzers.AnalyzeMe\MattEland.Analyzers.AnalyzeMe.csproj", "{DE7E0F0D-C618-469C-8942-B34BBADE3F78}"
EndProject
Global
	GlobalSection(SolutionConfigurationPlatforms) = preSolution
		Debug|Any CPU = Debug|Any CPU
		Release|Any CPU = Release|Any CPU
	EndGlobalSection
	GlobalSection(ProjectConfigurationPlatforms) = postSolution
		{395D52B4-6DED-49FF-9BEC-1D0CB6E7D3E7}.Debug|Any CPU.ActiveCfg = Debug|Any CPU
		{395D52B4-6DED-49FF-9BEC-1D0CB6E7D3E7}.Debug|Any CPU.Build.0 = Debug|Any CPU
		{395D52B4-6DED-49FF-9BEC-1D0CB6E7D3E7}.Release|Any CPU.ActiveCfg = Release|Any CPU
		{395D52B4-6DED-49FF-9BEC-1D0CB6E7D3E7}.Release|Any CPU.Build.0 = Release|Any CPU
		{467B80AD-BC6E-4EE5-A28E-26B338906A37}.Debug|Any CPU.ActiveCfg = Debug|Any CPU
		{467B80AD-BC6E-4EE5-A28E-26B338906A37}.Debug|Any CPU.Build.0 = Debug|Any CPU
		{467B80AD-BC6E-4EE5-A28E-26B338906A37}.Release|Any CPU.ActiveCfg = Release|Any CPU
		{467B80AD-BC6E-4EE5-A28E-26B338906A37}.Release|Any CPU.Build.0 = Release|Any CPU
		{DE7E0F0D-C618-469C-8942-B34BBADE3F78}.Debug|Any CPU.ActiveCfg = Debug|Any CPU
		{DE7E0F0D-C618-469C-8942-B34BBADE3F78}.Debug|Any CPU.Build.0 = Debug|Any CPU
		{DE7E0F0D-C618-469C-8942-B34BBADE3F78}.Release|Any CPU.ActiveCfg = Release|Any CPU
		{DE7E0F0D-C618-469C-8942-B34BBADE3F78}.Release|Any CPU.Build.0 = Release|Any CPU
	EndGlobalSection
	GlobalSection(SolutionProperties) = preSolution
		HideSolutionNode = FALSE
	EndGlobalSection
	GlobalSection(ExtensibilityGlobals) = postSolution
		SolutionGuid = {D00FA2EC-B313-4DEF-9BF8-F6AC94F0F161}
	EndGlobalSection
EndGlobal
