
Microsoft Visual Studio Solution File, Format Version 12.00
# Visual Studio Version 17
VisualStudioVersion = 17.7.34018.315
MinimumVisualStudioVersion = 10.0.40219.1
Project("{9A19103F-16F7-4668-BE54-9A1E7A4F7556}") = "MattEland.Analyzers", "MattEland.Analyzers\MattEland.Analyzers\MattEland.Analyzers.csproj", "{395D52B4-6DED-49FF-9BEC-1D0CB6E7D3E7}"
EndProject
Project("{9A19103F-16F7-4668-BE54-9A1E7A4F7556}") = "MattEland.Analyzers.AnalyzeMe", "MattEland.Analyzers.AnalyzeMe\MattEland.Analyzers.AnalyzeMe.csproj", "{DE7E0F0D-C618-469C-8942-B34BBADE3F78}"
EndProject
Project("{FAE04EC0-301F-11D3-BF4B-00C04F79EFBC}") = "MattEland.Analyzers.TestKit", "MattEland.Analyzers.TestKit\MattEland.Analyzers.TestKit.csproj", "{64498CBA-1785-4E60-9E6F-9F36894AA240}"
EndProject
Project("{2150E333-8FDC-42A3-9474-1A3956D46DE8}") = "Solution Items", "Solution Items", "{F74569B0-5FB5-452E-8DFE-762AB0775544}"
	ProjectSection(SolutionItems) = preProject
		LICENSE = LICENSE
		README.md = README.md
	EndProjectSection
EndProject
Global
	GlobalSection(SolutionConfigurationPlatforms) = preSolution
		Debug|Any CPU = Debug|Any CPU
		Release|Any CPU = Release|Any CPU
	EndGlobalSection
	GlobalSection(ProjectConfigurationPlatforms) = postSolution
		{395D52B4-6DED-49FF-9BEC-1D0CB6E7D3E7}.Debug|Any CPU.ActiveCfg = Debug|Any CPU
		{395D52B4-6DED-49FF-9BEC-1D0CB6E7D3E7}.Debug|Any CPU.Build.0 = Debug|Any CPU
		{395D52B4-6DED-49FF-9BEC-1D0CB6E7D3E7}.Release|Any CPU.ActiveCfg = Release|Any CPU
		{395D52B4-6DED-49FF-9BEC-1D0CB6E7D3E7}.Release|Any CPU.Build.0 = Release|Any CPU
		{DE7E0F0D-C618-469C-8942-B34BBADE3F78}.Debug|Any CPU.ActiveCfg = Debug|Any CPU
		{DE7E0F0D-C618-469C-8942-B34BBADE3F78}.Debug|Any CPU.Build.0 = Debug|Any CPU
		{DE7E0F0D-C618-469C-8942-B34BBADE3F78}.Release|Any CPU.ActiveCfg = Release|Any CPU
		{DE7E0F0D-C618-469C-8942-B34BBADE3F78}.Release|Any CPU.Build.0 = Release|Any CPU
		{64498CBA-1785-4E60-9E6F-9F36894AA240}.Debug|Any CPU.ActiveCfg = Debug|Any CPU
		{64498CBA-1785-4E60-9E6F-9F36894AA240}.Debug|Any CPU.Build.0 = Debug|Any CPU
		{64498CBA-1785-4E60-9E6F-9F36894AA240}.Release|Any CPU.ActiveCfg = Release|Any CPU
		{64498CBA-1785-4E60-9E6F-9F36894AA240}.Release|Any CPU.Build.0 = Release|Any CPU
	EndGlobalSection
	GlobalSection(SolutionProperties) = preSolution
		HideSolutionNode = FALSE
	EndGlobalSection
	GlobalSection(ExtensibilityGlobals) = postSolution
		SolutionGuid = {D00FA2EC-B313-4DEF-9BF8-F6AC94F0F161}
	EndGlobalSection
EndGlobal
